
Microsoft Visual Studio Solution File, Format Version 12.00
# Visual Studio 15
VisualStudioVersion = 15.0.27428.2037
MinimumVisualStudioVersion = 10.0.40219.1
Project("{8BC9CEB8-8B4A-11D0-8D11-00A0C91BC942}") = "Number_1", "Number_1\Number_1.vcxproj", "{B4103A28-E914-4D51-BAD2-5AC7AD6F0D5B}"
EndProject
Global
	GlobalSection(SolutionConfigurationPlatforms) = preSolution
		Debug|x64 = Debug|x64
		Debug|x86 = Debug|x86
		Release|x64 = Release|x64
		Release|x86 = Release|x86
	EndGlobalSection
	GlobalSection(ProjectConfigurationPlatforms) = postSolution
		{B4103A28-E914-4D51-BAD2-5AC7AD6F0D5B}.Debug|x64.ActiveCfg = Debug|x64
		{B4103A28-E914-4D51-BAD2-5AC7AD6F0D5B}.Debug|x64.Build.0 = Debug|x64
		{B4103A28-E914-4D51-BAD2-5AC7AD6F0D5B}.Debug|x86.ActiveCfg = Debug|Win32
		{B4103A28-E914-4D51-BAD2-5AC7AD6F0D5B}.Debug|x86.Build.0 = Debug|Win32
		{B4103A28-E914-4D51-BAD2-5AC7AD6F0D5B}.Release|x64.ActiveCfg = Release|x64
		{B4103A28-E914-4D51-BAD2-5AC7AD6F0D5B}.Release|x64.Build.0 = Release|x64
		{B4103A28-E914-4D51-BAD2-5AC7AD6F0D5B}.Release|x86.ActiveCfg = Release|Win32
		{B4103A28-E914-4D51-BAD2-5AC7AD6F0D5B}.Release|x86.Build.0 = Release|Win32
	EndGlobalSection
	GlobalSection(SolutionProperties) = preSolution
		HideSolutionNode = FALSE
	EndGlobalSection
	GlobalSection(ExtensibilityGlobals) = postSolution
		SolutionGuid = {4F6305FC-1932-4D2F-A77E-71EFAAD021ED}
	EndGlobalSection
EndGlobal
